// !$*UTF8*$!
{
	archiveVersion = 1;
	classes = {
	};
	objectVersion = 55;
	objects = {

/* Begin PBXBuildFile section */
		B176F2F7285D2D9700ADDDDB /* LoginViewController.swift in Sources */ = {isa = PBXBuildFile; fileRef = B176F2F6285D2D9700ADDDDB /* LoginViewController.swift */; };
		B176F2F9285D2DB500ADDDDB /* SignInViewController.swift in Sources */ = {isa = PBXBuildFile; fileRef = B176F2F8285D2DB500ADDDDB /* SignInViewController.swift */; };
		B176F2FC285D484A00ADDDDB /* Person.swift in Sources */ = {isa = PBXBuildFile; fileRef = B176F2FB285D484A00ADDDDB /* Person.swift */; };
		B1D13D2C285BFFDA00A95F35 /* ModalViewController.swift in Sources */ = {isa = PBXBuildFile; fileRef = B1D13D2B285BFFDA00A95F35 /* ModalViewController.swift */; };
		B1D13D2E285C000000A95F35 /* Feature-Name.storyboard in Resources */ = {isa = PBXBuildFile; fileRef = B1D13D2D285C000000A95F35 /* Feature-Name.storyboard */; };
		B1D9AEF02859669300B3A8BB /* AppDelegate.swift in Sources */ = {isa = PBXBuildFile; fileRef = B1D9AEEF2859669300B3A8BB /* AppDelegate.swift */; };
		B1D9AEF22859669300B3A8BB /* SceneDelegate.swift in Sources */ = {isa = PBXBuildFile; fileRef = B1D9AEF12859669300B3A8BB /* SceneDelegate.swift */; };
		B1D9AEF42859669300B3A8BB /* ViewController.swift in Sources */ = {isa = PBXBuildFile; fileRef = B1D9AEF32859669300B3A8BB /* ViewController.swift */; };
		B1D9AEF72859669300B3A8BB /* Main.storyboard in Resources */ = {isa = PBXBuildFile; fileRef = B1D9AEF52859669300B3A8BB /* Main.storyboard */; };
		B1D9AEF92859669400B3A8BB /* Assets.xcassets in Resources */ = {isa = PBXBuildFile; fileRef = B1D9AEF82859669400B3A8BB /* Assets.xcassets */; };
		B1D9AEFC2859669400B3A8BB /* LaunchScreen.storyboard in Resources */ = {isa = PBXBuildFile; fileRef = B1D9AEFA2859669400B3A8BB /* LaunchScreen.storyboard */; };
/* End PBXBuildFile section */

/* Begin PBXFileReference section */
		B176F2F6285D2D9700ADDDDB /* LoginViewController.swift */ = {isa = PBXFileReference; lastKnownFileType = sourcecode.swift; path = LoginViewController.swift; sourceTree = "<group>"; };
		B176F2F8285D2DB500ADDDDB /* SignInViewController.swift */ = {isa = PBXFileReference; lastKnownFileType = sourcecode.swift; path = SignInViewController.swift; sourceTree = "<group>"; };
		B176F2FB285D484A00ADDDDB /* Person.swift */ = {isa = PBXFileReference; lastKnownFileType = sourcecode.swift; path = Person.swift; sourceTree = "<group>"; };
		B1D13D2B285BFFDA00A95F35 /* ModalViewController.swift */ = {isa = PBXFileReference; lastKnownFileType = sourcecode.swift; path = ModalViewController.swift; sourceTree = "<group>"; };
		B1D13D2D285C000000A95F35 /* Feature-Name.storyboard */ = {isa = PBXFileReference; lastKnownFileType = file.storyboard; path = "Feature-Name.storyboard"; sourceTree = "<group>"; };
		B1D9AEEC2859669300B3A8BB /* TestApp.app */ = {isa = PBXFileReference; explicitFileType = wrapper.application; includeInIndex = 0; path = TestApp.app; sourceTree = BUILT_PRODUCTS_DIR; };
		B1D9AEEF2859669300B3A8BB /* AppDelegate.swift */ = {isa = PBXFileReference; lastKnownFileType = sourcecode.swift; path = AppDelegate.swift; sourceTree = "<group>"; };
		B1D9AEF12859669300B3A8BB /* SceneDelegate.swift */ = {isa = PBXFileReference; lastKnownFileType = sourcecode.swift; path = SceneDelegate.swift; sourceTree = "<group>"; };
		B1D9AEF32859669300B3A8BB /* ViewController.swift */ = {isa = PBXFileReference; lastKnownFileType = sourcecode.swift; path = ViewController.swift; sourceTree = "<group>"; };
		B1D9AEF62859669300B3A8BB /* Base */ = {isa = PBXFileReference; lastKnownFileType = file.storyboard; name = Base; path = Base.lproj/Main.storyboard; sourceTree = "<group>"; };
		B1D9AEF82859669400B3A8BB /* Assets.xcassets */ = {isa = PBXFileReference; lastKnownFileType = folder.assetcatalog; path = Assets.xcassets; sourceTree = "<group>"; };
		B1D9AEFB2859669400B3A8BB /* Base */ = {isa = PBXFileReference; lastKnownFileType = file.storyboard; name = Base; path = Base.lproj/LaunchScreen.storyboard; sourceTree = "<group>"; };
		B1D9AEFD2859669400B3A8BB /* Info.plist */ = {isa = PBXFileReference; lastKnownFileType = text.plist.xml; path = Info.plist; sourceTree = "<group>"; };
/* End PBXFileReference section */

/* Begin PBXFrameworksBuildPhase section */
		B1D9AEE92859669300B3A8BB /* Frameworks */ = {
			isa = PBXFrameworksBuildPhase;
			buildActionMask = 2147483647;
			files = (
			);
			runOnlyForDeploymentPostprocessing = 0;
		};
/* End PBXFrameworksBuildPhase section */

/* Begin PBXGroup section */
		B176F2F4285D294400ADDDDB /* ViewController */ = {
			isa = PBXGroup;
			children = (
				B1D13D2B285BFFDA00A95F35 /* ModalViewController.swift */,
				B1D9AEF32859669300B3A8BB /* ViewController.swift */,
				B176F2F6285D2D9700ADDDDB /* LoginViewController.swift */,
				B176F2F8285D2DB500ADDDDB /* SignInViewController.swift */,
			);
			path = ViewController;
			sourceTree = "<group>";
		};
		B176F2F5285D295200ADDDDB /* Common */ = {
			isa = PBXGroup;
			children = (
				B1D9AEEF2859669300B3A8BB /* AppDelegate.swift */,
				B1D9AEF12859669300B3A8BB /* SceneDelegate.swift */,
			);
			path = Common;
			sourceTree = "<group>";
		};
		B176F2FA285D482B00ADDDDB /* Model */ = {
			isa = PBXGroup;
			children = (
				B176F2FB285D484A00ADDDDB /* Person.swift */,
			);
			path = Model;
			sourceTree = "<group>";
		};
		B1D9AEE32859669300B3A8BB = {
			isa = PBXGroup;
			children = (
				B1D9AEEE2859669300B3A8BB /* TestApp */,
				B1D9AEED2859669300B3A8BB /* Products */,
			);
			sourceTree = "<group>";
		};
		B1D9AEED2859669300B3A8BB /* Products */ = {
			isa = PBXGroup;
			children = (
				B1D9AEEC2859669300B3A8BB /* TestApp.app */,
			);
			name = Products;
			sourceTree = "<group>";
		};
		B1D9AEEE2859669300B3A8BB /* TestApp */ = {
			isa = PBXGroup;
			children = (
				B176F2FA285D482B00ADDDDB /* Model */,
				B176F2F5285D295200ADDDDB /* Common */,
				B176F2F4285D294400ADDDDB /* ViewController */,
				B1D9AEF52859669300B3A8BB /* Main.storyboard */,
				B1D9AEF82859669400B3A8BB /* Assets.xcassets */,
				B1D9AEFA2859669400B3A8BB /* LaunchScreen.storyboard */,
				B1D9AEFD2859669400B3A8BB /* Info.plist */,
				B1D13D2D285C000000A95F35 /* Feature-Name.storyboard */,
			);
			path = TestApp;
			sourceTree = "<group>";
		};
/* End PBXGroup section */

/* Begin PBXNativeTarget section */
		B1D9AEEB2859669300B3A8BB /* TestApp */ = {
			isa = PBXNativeTarget;
			buildConfigurationList = B1D9AF002859669400B3A8BB /* Build configuration list for PBXNativeTarget "TestApp" */;
			buildPhases = (
				B1D9AEE82859669300B3A8BB /* Sources */,
				B1D9AEE92859669300B3A8BB /* Frameworks */,
				B1D9AEEA2859669300B3A8BB /* Resources */,
			);
			buildRules = (
			);
			dependencies = (
			);
			name = TestApp;
			productName = TestApp;
			productReference = B1D9AEEC2859669300B3A8BB /* TestApp.app */;
			productType = "com.apple.product-type.application";
		};
/* End PBXNativeTarget section */

/* Begin PBXProject section */
		B1D9AEE42859669300B3A8BB /* Project object */ = {
			isa = PBXProject;
			attributes = {
				BuildIndependentTargetsInParallel = 1;
				LastSwiftUpdateCheck = 1340;
				LastUpgradeCheck = 1340;
				TargetAttributes = {
					B1D9AEEB2859669300B3A8BB = {
						CreatedOnToolsVersion = 13.4.1;
					};
				};
			};
			buildConfigurationList = B1D9AEE72859669300B3A8BB /* Build configuration list for PBXProject "TestApp" */;
			compatibilityVersion = "Xcode 13.0";
			developmentRegion = en;
			hasScannedForEncodings = 0;
			knownRegions = (
				en,
				Base,
			);
			mainGroup = B1D9AEE32859669300B3A8BB;
			productRefGroup = B1D9AEED2859669300B3A8BB /* Products */;
			projectDirPath = "";
			projectRoot = "";
			targets = (
				B1D9AEEB2859669300B3A8BB /* TestApp */,
			);
		};
/* End PBXProject section */

/* Begin PBXResourcesBuildPhase section */
		B1D9AEEA2859669300B3A8BB /* Resources */ = {
			isa = PBXResourcesBuildPhase;
			buildActionMask = 2147483647;
			files = (
				B1D13D2E285C000000A95F35 /* Feature-Name.storyboard in Resources */,
				B1D9AEFC2859669400B3A8BB /* LaunchScreen.storyboard in Resources */,
				B1D9AEF92859669400B3A8BB /* Assets.xcassets in Resources */,
				B1D9AEF72859669300B3A8BB /* Main.storyboard in Resources */,
			);
			runOnlyForDeploymentPostprocessing = 0;
		};
/* End PBXResourcesBuildPhase section */

/* Begin PBXSourcesBuildPhase section */
		B1D9AEE82859669300B3A8BB /* Sources */ = {
			isa = PBXSourcesBuildPhase;
			buildActionMask = 2147483647;
			files = (
				B1D13D2C285BFFDA00A95F35 /* ModalViewController.swift in Sources */,
				B1D9AEF42859669300B3A8BB /* ViewController.swift in Sources */,
				B176F2F9285D2DB500ADDDDB /* SignInViewController.swift in Sources */,
				B1D9AEF02859669300B3A8BB /* AppDelegate.swift in Sources */,
				B176F2FC285D484A00ADDDDB /* Person.swift in Sources */,
				B176F2F7285D2D9700ADDDDB /* LoginViewController.swift in Sources */,
				B1D9AEF22859669300B3A8BB /* SceneDelegate.swift in Sources */,
			);
			runOnlyForDeploymentPostprocessing = 0;
		};
/* End PBXSourcesBuildPhase section */

/* Begin PBXVariantGroup section */
		B1D9AEF52859669300B3A8BB /* Main.storyboard */ = {
			isa = PBXVariantGroup;
			children = (
				B1D9AEF62859669300B3A8BB /* Base */,
			);
			name = Main.storyboard;
			sourceTree = "<group>";
		};
		B1D9AEFA2859669400B3A8BB /* LaunchScreen.storyboard */ = {
			isa = PBXVariantGroup;
			children = (
				B1D9AEFB2859669400B3A8BB /* Base */,
			);
			name = LaunchScreen.storyboard;
			sourceTree = "<group>";
		};
/* End PBXVariantGroup section */

/* Begin XCBuildConfiguration section */
		B1D9AEFE2859669400B3A8BB /* Debug */ = {
			isa = XCBuildConfiguration;
			buildSettings = {
				ALWAYS_SEARCH_USER_PATHS = NO;
				CLANG_ANALYZER_NONNULL = YES;
				CLANG_ANALYZER_NUMBER_OBJECT_CONVERSION = YES_AGGRESSIVE;
				CLANG_CXX_LANGUAGE_STANDARD = "gnu++17";
				CLANG_ENABLE_MODULES = YES;
				CLANG_ENABLE_OBJC_ARC = YES;
				CLANG_ENABLE_OBJC_WEAK = YES;
				CLANG_WARN_BLOCK_CAPTURE_AUTORELEASING = YES;
				CLANG_WARN_BOOL_CONVERSION = YES;
				CLANG_WARN_COMMA = YES;
				CLANG_WARN_CONSTANT_CONVERSION = YES;
				CLANG_WARN_DEPRECATED_OBJC_IMPLEMENTATIONS = YES;
				CLANG_WARN_DIRECT_OBJC_ISA_USAGE = YES_ERROR;
				CLANG_WARN_DOCUMENTATION_COMMENTS = YES;
				CLANG_WARN_EMPTY_BODY = YES;
				CLANG_WARN_ENUM_CONVERSION = YES;
				CLANG_WARN_INFINITE_RECURSION = YES;
				CLANG_WARN_INT_CONVERSION = YES;
				CLANG_WARN_NON_LITERAL_NULL_CONVERSION = YES;
				CLANG_WARN_OBJC_IMPLICIT_RETAIN_SELF = YES;
				CLANG_WARN_OBJC_LITERAL_CONVERSION = YES;
				CLANG_WARN_OBJC_ROOT_CLASS = YES_ERROR;
				CLANG_WARN_QUOTED_INCLUDE_IN_FRAMEWORK_HEADER = YES;
				CLANG_WARN_RANGE_LOOP_ANALYSIS = YES;
				CLANG_WARN_STRICT_PROTOTYPES = YES;
				CLANG_WARN_SUSPICIOUS_MOVE = YES;
				CLANG_WARN_UNGUARDED_AVAILABILITY = YES_AGGRESSIVE;
				CLANG_WARN_UNREACHABLE_CODE = YES;
				CLANG_WARN__DUPLICATE_METHOD_MATCH = YES;
				COPY_PHASE_STRIP = NO;
				DEBUG_INFORMATION_FORMAT = dwarf;
				ENABLE_STRICT_OBJC_MSGSEND = YES;
				ENABLE_TESTABILITY = YES;
				GCC_C_LANGUAGE_STANDARD = gnu11;
				GCC_DYNAMIC_NO_PIC = NO;
				GCC_NO_COMMON_BLOCKS = YES;
				GCC_OPTIMIZATION_LEVEL = 0;
				GCC_PREPROCESSOR_DEFINITIONS = (
					"DEBUG=1",
					"$(inherited)",
				);
				GCC_WARN_64_TO_32_BIT_CONVERSION = YES;
				GCC_WARN_ABOUT_RETURN_TYPE = YES_ERROR;
				GCC_WARN_UNDECLARED_SELECTOR = YES;
				GCC_WARN_UNINITIALIZED_AUTOS = YES_AGGRESSIVE;
				GCC_WARN_UNUSED_FUNCTION = YES;
				GCC_WARN_UNUSED_VARIABLE = YES;
				IPHONEOS_DEPLOYMENT_TARGET = 15.5;
				MTL_ENABLE_DEBUG_INFO = INCLUDE_SOURCE;
				MTL_FAST_MATH = YES;
				ONLY_ACTIVE_ARCH = YES;
				SDKROOT = iphoneos;
				SWIFT_ACTIVE_COMPILATION_CONDITIONS = DEBUG;
				SWIFT_OPTIMIZATION_LEVEL = "-Onone";
			};
			name = Debug;
		};
		B1D9AEFF2859669400B3A8BB /* Release */ = {
			isa = XCBuildConfiguration;
			buildSettings = {
				ALWAYS_SEARCH_USER_PATHS = NO;
				CLANG_ANALYZER_NONNULL = YES;
				CLANG_ANALYZER_NUMBER_OBJECT_CONVERSION = YES_AGGRESSIVE;
				CLANG_CXX_LANGUAGE_STANDARD = "gnu++17";
				CLANG_ENABLE_MODULES = YES;
				CLANG_ENABLE_OBJC_ARC = YES;
				CLANG_ENABLE_OBJC_WEAK = YES;
				CLANG_WARN_BLOCK_CAPTURE_AUTORELEASING = YES;
				CLANG_WARN_BOOL_CONVERSION = YES;
				CLANG_WARN_COMMA = YES;
				CLANG_WARN_CONSTANT_CONVERSION = YES;
				CLANG_WARN_DEPRECATED_OBJC_IMPLEMENTATIONS = YES;
				CLANG_WARN_DIRECT_OBJC_ISA_USAGE = YES_ERROR;
				CLANG_WARN_DOCUMENTATION_COMMENTS = YES;
				CLANG_WARN_EMPTY_BODY = YES;
				CLANG_WARN_ENUM_CONVERSION = YES;
				CLANG_WARN_INFINITE_RECURSION = YES;
				CLANG_WARN_INT_CONVERSION = YES;
				CLANG_WARN_NON_LITERAL_NULL_CONVERSION = YES;
				CLANG_WARN_OBJC_IMPLICIT_RETAIN_SELF = YES;
				CLANG_WARN_OBJC_LITERAL_CONVERSION = YES;
				CLANG_WARN_OBJC_ROOT_CLASS = YES_ERROR;
				CLANG_WARN_QUOTED_INCLUDE_IN_FRAMEWORK_HEADER = YES;
				CLANG_WARN_RANGE_LOOP_ANALYSIS = YES;
				CLANG_WARN_STRICT_PROTOTYPES = YES;
				CLANG_WARN_SUSPICIOUS_MOVE = YES;
				CLANG_WARN_UNGUARDED_AVAILABILITY = YES_AGGRESSIVE;
				CLANG_WARN_UNREACHABLE_CODE = YES;
				CLANG_WARN__DUPLICATE_METHOD_MATCH = YES;
				COPY_PHASE_STRIP = NO;
				DEBUG_INFORMATION_FORMAT = "dwarf-with-dsym";
				ENABLE_NS_ASSERTIONS = NO;
				ENABLE_STRICT_OBJC_MSGSEND = YES;
				GCC_C_LANGUAGE_STANDARD = gnu11;
				GCC_NO_COMMON_BLOCKS = YES;
				GCC_WARN_64_TO_32_BIT_CONVERSION = YES;
				GCC_WARN_ABOUT_RETURN_TYPE = YES_ERROR;
				GCC_WARN_UNDECLARED_SELECTOR = YES;
				GCC_WARN_UNINITIALIZED_AUTOS = YES_AGGRESSIVE;
				GCC_WARN_UNUSED_FUNCTION = YES;
				GCC_WARN_UNUSED_VARIABLE = YES;
				IPHONEOS_DEPLOYMENT_TARGET = 15.5;
				MTL_ENABLE_DEBUG_INFO = NO;
				MTL_FAST_MATH = YES;
				SDKROOT = iphoneos;
				SWIFT_COMPILATION_MODE = wholemodule;
				SWIFT_OPTIMIZATION_LEVEL = "-O";
				VALIDATE_PRODUCT = YES;
			};
			name = Release;
		};
		B1D9AF012859669400B3A8BB /* Debug */ = {
			isa = XCBuildConfiguration;
			buildSettings = {
				ASSETCATALOG_COMPILER_APPICON_NAME = AppIcon;
				ASSETCATALOG_COMPILER_GLOBAL_ACCENT_COLOR_NAME = AccentColor;
				CODE_SIGN_STYLE = Automatic;
				CURRENT_PROJECT_VERSION = 1;
				GENERATE_INFOPLIST_FILE = YES;
				INFOPLIST_FILE = TestApp/Info.plist;
				INFOPLIST_KEY_UIApplicationSupportsIndirectInputEvents = YES;
				INFOPLIST_KEY_UILaunchStoryboardName = LaunchScreen;
				INFOPLIST_KEY_UIMainStoryboardFile = Main;
				INFOPLIST_KEY_UISupportedInterfaceOrientations_iPad = "UIInterfaceOrientationPortrait UIInterfaceOrientationPortraitUpsideDown UIInterfaceOrientationLandscapeLeft UIInterfaceOrientationLandscapeRight";
				INFOPLIST_KEY_UISupportedInterfaceOrientations_iPhone = "UIInterfaceOrientationPortrait UIInterfaceOrientationLandscapeLeft UIInterfaceOrientationLandscapeRight";
				IPHONEOS_DEPLOYMENT_TARGET = 13.0;
				LD_RUNPATH_SEARCH_PATHS = (
					"$(inherited)",
					"@executable_path/Frameworks",
				);
				MARKETING_VERSION = 1.0;
				PRODUCT_BUNDLE_IDENTIFIER = com.manriquetavi.TestApp;
				PRODUCT_NAME = "$(TARGET_NAME)";
				SWIFT_EMIT_LOC_STRINGS = YES;
				SWIFT_VERSION = 5.0;
				TARGETED_DEVICE_FAMILY = "1,2";
			};
			name = Debug;
		};
		B1D9AF022859669400B3A8BB /* Release */ = {
			isa = XCBuildConfiguration;
			buildSettings = {
				ASSETCATALOG_COMPILER_APPICON_NAME = AppIcon;
				ASSETCATALOG_COMPILER_GLOBAL_ACCENT_COLOR_NAME = AccentColor;
				CODE_SIGN_STYLE = Automatic;
				CURRENT_PROJECT_VERSION = 1;
				GENERATE_INFOPLIST_FILE = YES;
				INFOPLIST_FILE = TestApp/Info.plist;
				INFOPLIST_KEY_UIApplicationSupportsIndirectInputEvents = YES;
				INFOPLIST_KEY_UILaunchStoryboardName = LaunchScreen;
				INFOPLIST_KEY_UIMainStoryboardFile = Main;
				INFOPLIST_KEY_UISupportedInterfaceOrientations_iPad = "UIInterfaceOrientationPortrait UIInterfaceOrientationPortraitUpsideDown UIInterfaceOrientationLandscapeLeft UIInterfaceOrientationLandscapeRight";
				INFOPLIST_KEY_UISupportedInterfaceOrientations_iPhone = "UIInterfaceOrientationPortrait UIInterfaceOrientationLandscapeLeft UIInterfaceOrientationLandscapeRight";
				IPHONEOS_DEPLOYMENT_TARGET = 13.0;
				LD_RUNPATH_SEARCH_PATHS = (
					"$(inherited)",
					"@executable_path/Frameworks",
				);
				MARKETING_VERSION = 1.0;
				PRODUCT_BUNDLE_IDENTIFIER = com.manriquetavi.TestApp;
				PRODUCT_NAME = "$(TARGET_NAME)";
				SWIFT_EMIT_LOC_STRINGS = YES;
				SWIFT_VERSION = 5.0;
				TARGETED_DEVICE_FAMILY = "1,2";
			};
			name = Release;
		};
/* End XCBuildConfiguration section */

/* Begin XCConfigurationList section */
		B1D9AEE72859669300B3A8BB /* Build configuration list for PBXProject "TestApp" */ = {
			isa = XCConfigurationList;
			buildConfigurations = (
				B1D9AEFE2859669400B3A8BB /* Debug */,
				B1D9AEFF2859669400B3A8BB /* Release */,
			);
			defaultConfigurationIsVisible = 0;
			defaultConfigurationName = Release;
		};
		B1D9AF002859669400B3A8BB /* Build configuration list for PBXNativeTarget "TestApp" */ = {
			isa = XCConfigurationList;
			buildConfigurations = (
				B1D9AF012859669400B3A8BB /* Debug */,
				B1D9AF022859669400B3A8BB /* Release */,
			);
			defaultConfigurationIsVisible = 0;
			defaultConfigurationName = Release;
		};
/* End XCConfigurationList section */
	};
	rootObject = B1D9AEE42859669300B3A8BB /* Project object */;
}
